# THIS IS AN AUTOGENERATED FILE. DO NOT EDIT THIS FILE DIRECTLY.
# yarn lockfile v1


"@tanstack/table-core@8.11.2":
  version "8.11.2"
  resolved "https://registry.yarnpkg.com/@tanstack/table-core/-/table-core-8.11.2.tgz#34c00547dca178a1409b7f5385704f8b435e23ab"
  integrity sha512-rR0VEQOtr0ARLvaNLaSQnt2BVwOp0OavOUA0LcZ3N45tLYXc4sXruNv8kJ7R7+5W1CrzGha217tzjBG83CpoMQ==
